// !$*UTF8*$!
{
	archiveVersion = 1;
	classes = {
	};
	objectVersion = 55;
	objects = {

/* Begin PBXBuildFile section */
		9070B646271F67A5007B571F /* AppDelegate.swift in Sources */ = {isa = PBXBuildFile; fileRef = 9070B645271F67A5007B571F /* AppDelegate.swift */; };
		9070B64F271F67A6007B571F /* Assets.xcassets in Resources */ = {isa = PBXBuildFile; fileRef = 9070B64E271F67A6007B571F /* Assets.xcassets */; };
		9070B652271F67A6007B571F /* LaunchScreen.storyboard in Resources */ = {isa = PBXBuildFile; fileRef = 9070B650271F67A6007B571F /* LaunchScreen.storyboard */; };
		9070B67A271F6A7E007B571F /* ViewController.swift in Sources */ = {isa = PBXBuildFile; fileRef = 9070B678271F6A7E007B571F /* ViewController.swift */; };
		9070B67B271F6A7E007B571F /* ViewController.xib in Resources */ = {isa = PBXBuildFile; fileRef = 9070B679271F6A7E007B571F /* ViewController.xib */; };
		9070B67D271F6FE3007B571F /* ViewModel.swift in Sources */ = {isa = PBXBuildFile; fileRef = 9070B67C271F6FE3007B571F /* ViewModel.swift */; };
		9070B67F271F6FF0007B571F /* Model.swift in Sources */ = {isa = PBXBuildFile; fileRef = 9070B67E271F6FF0007B571F /* Model.swift */; };
		90CC16902723745C00999261 /* ListTableViewController.swift in Sources */ = {isa = PBXBuildFile; fileRef = 90CC168E2723745C00999261 /* ListTableViewController.swift */; };
		90CC16912723745C00999261 /* ListTableViewController.xib in Resources */ = {isa = PBXBuildFile; fileRef = 90CC168F2723745C00999261 /* ListTableViewController.xib */; };
		90CC16952723748800999261 /* CandidatesTableViewCell.swift in Sources */ = {isa = PBXBuildFile; fileRef = 90CC16932723748800999261 /* CandidatesTableViewCell.swift */; };
		90CC16962723748800999261 /* CandidatesTableViewCell.xib in Resources */ = {isa = PBXBuildFile; fileRef = 90CC16942723748800999261 /* CandidatesTableViewCell.xib */; };
/* End PBXBuildFile section */

/* Begin PBXContainerItemProxy section */
		9070B659271F67A7007B571F /* PBXContainerItemProxy */ = {
			isa = PBXContainerItemProxy;
			containerPortal = 9070B63A271F67A4007B571F /* Project object */;
			proxyType = 1;
			remoteGlobalIDString = 9070B641271F67A5007B571F;
			remoteInfo = DesafioPremierSoft;
		};
		9070B663271F67A7007B571F /* PBXContainerItemProxy */ = {
			isa = PBXContainerItemProxy;
			containerPortal = 9070B63A271F67A4007B571F /* Project object */;
			proxyType = 1;
			remoteGlobalIDString = 9070B641271F67A5007B571F;
			remoteInfo = DesafioPremierSoft;
		};
/* End PBXContainerItemProxy section */

/* Begin PBXFileReference section */
		9070B642271F67A5007B571F /* DesafioPremierSoft.app */ = {isa = PBXFileReference; explicitFileType = wrapper.application; includeInIndex = 0; path = DesafioPremierSoft.app; sourceTree = BUILT_PRODUCTS_DIR; };
		9070B645271F67A5007B571F /* AppDelegate.swift */ = {isa = PBXFileReference; lastKnownFileType = sourcecode.swift; path = AppDelegate.swift; sourceTree = "<group>"; };
		9070B64E271F67A6007B571F /* Assets.xcassets */ = {isa = PBXFileReference; lastKnownFileType = folder.assetcatalog; path = Assets.xcassets; sourceTree = "<group>"; };
		9070B651271F67A6007B571F /* Base */ = {isa = PBXFileReference; lastKnownFileType = file.storyboard; name = Base; path = Base.lproj/LaunchScreen.storyboard; sourceTree = "<group>"; };
		9070B653271F67A6007B571F /* Info.plist */ = {isa = PBXFileReference; lastKnownFileType = text.plist.xml; path = Info.plist; sourceTree = "<group>"; };
		9070B658271F67A7007B571F /* DesafioPremierSoftTests.xctest */ = {isa = PBXFileReference; explicitFileType = wrapper.cfbundle; includeInIndex = 0; path = DesafioPremierSoftTests.xctest; sourceTree = BUILT_PRODUCTS_DIR; };
		9070B662271F67A7007B571F /* DesafioPremierSoftUITests.xctest */ = {isa = PBXFileReference; explicitFileType = wrapper.cfbundle; includeInIndex = 0; path = DesafioPremierSoftUITests.xctest; sourceTree = BUILT_PRODUCTS_DIR; };
		9070B678271F6A7E007B571F /* ViewController.swift */ = {isa = PBXFileReference; lastKnownFileType = sourcecode.swift; path = ViewController.swift; sourceTree = "<group>"; };
		9070B679271F6A7E007B571F /* ViewController.xib */ = {isa = PBXFileReference; lastKnownFileType = file.xib; path = ViewController.xib; sourceTree = "<group>"; };
		9070B67C271F6FE3007B571F /* ViewModel.swift */ = {isa = PBXFileReference; lastKnownFileType = sourcecode.swift; path = ViewModel.swift; sourceTree = "<group>"; };
		9070B67E271F6FF0007B571F /* Model.swift */ = {isa = PBXFileReference; lastKnownFileType = sourcecode.swift; path = Model.swift; sourceTree = "<group>"; };
		90CC168E2723745C00999261 /* ListTableViewController.swift */ = {isa = PBXFileReference; lastKnownFileType = sourcecode.swift; path = ListTableViewController.swift; sourceTree = "<group>"; };
		90CC168F2723745C00999261 /* ListTableViewController.xib */ = {isa = PBXFileReference; lastKnownFileType = file.xib; path = ListTableViewController.xib; sourceTree = "<group>"; };
		90CC16932723748800999261 /* CandidatesTableViewCell.swift */ = {isa = PBXFileReference; lastKnownFileType = sourcecode.swift; path = CandidatesTableViewCell.swift; sourceTree = "<group>"; };
		90CC16942723748800999261 /* CandidatesTableViewCell.xib */ = {isa = PBXFileReference; lastKnownFileType = file.xib; path = CandidatesTableViewCell.xib; sourceTree = "<group>"; };
/* End PBXFileReference section */

/* Begin PBXFrameworksBuildPhase section */
		9070B63F271F67A5007B571F /* Frameworks */ = {
			isa = PBXFrameworksBuildPhase;
			buildActionMask = 2147483647;
			files = (
			);
			runOnlyForDeploymentPostprocessing = 0;
		};
		9070B655271F67A7007B571F /* Frameworks */ = {
			isa = PBXFrameworksBuildPhase;
			buildActionMask = 2147483647;
			files = (
			);
			runOnlyForDeploymentPostprocessing = 0;
		};
		9070B65F271F67A7007B571F /* Frameworks */ = {
			isa = PBXFrameworksBuildPhase;
			buildActionMask = 2147483647;
			files = (
			);
			runOnlyForDeploymentPostprocessing = 0;
		};
/* End PBXFrameworksBuildPhase section */

/* Begin PBXGroup section */
		9070B639271F67A4007B571F = {
			isa = PBXGroup;
			children = (
				9070B644271F67A5007B571F /* DesafioPremierSoft */,
				9070B643271F67A5007B571F /* Products */,
			);
			sourceTree = "<group>";
		};
		9070B643271F67A5007B571F /* Products */ = {
			isa = PBXGroup;
			children = (
				9070B642271F67A5007B571F /* DesafioPremierSoft.app */,
				9070B658271F67A7007B571F /* DesafioPremierSoftTests.xctest */,
				9070B662271F67A7007B571F /* DesafioPremierSoftUITests.xctest */,
			);
			name = Products;
			sourceTree = "<group>";
		};
		9070B644271F67A5007B571F /* DesafioPremierSoft */ = {
			isa = PBXGroup;
			children = (
				9070B677271F69FC007B571F /* Scenes */,
				9070B675271F680F007B571F /* Sources */,
				9070B676271F69E1007B571F /* Resources */,
			);
			path = DesafioPremierSoft;
			sourceTree = "<group>";
		};
		9070B675271F680F007B571F /* Sources */ = {
			isa = PBXGroup;
			children = (
				9070B645271F67A5007B571F /* AppDelegate.swift */,
			);
			path = Sources;
			sourceTree = "<group>";
		};
		9070B676271F69E1007B571F /* Resources */ = {
			isa = PBXGroup;
			children = (
				9070B650271F67A6007B571F /* LaunchScreen.storyboard */,
				9070B64E271F67A6007B571F /* Assets.xcassets */,
				9070B653271F67A6007B571F /* Info.plist */,
			);
			path = Resources;
			sourceTree = "<group>";
		};
		9070B677271F69FC007B571F /* Scenes */ = {
			isa = PBXGroup;
			children = (
				90CC168D2723743400999261 /* ListOfCandidates */,
				9070B678271F6A7E007B571F /* ViewController.swift */,
				9070B679271F6A7E007B571F /* ViewController.xib */,
				9070B67C271F6FE3007B571F /* ViewModel.swift */,
				9070B67E271F6FF0007B571F /* Model.swift */,
			);
			path = Scenes;
			sourceTree = "<group>";
		};
		90CC168D2723743400999261 /* ListOfCandidates */ = {
			isa = PBXGroup;
			children = (
				90CC16922723746200999261 /* CandidateCell */,
				90CC168E2723745C00999261 /* ListTableViewController.swift */,
				90CC168F2723745C00999261 /* ListTableViewController.xib */,
			);
			path = ListOfCandidates;
			sourceTree = "<group>";
		};
		90CC16922723746200999261 /* CandidateCell */ = {
			isa = PBXGroup;
			children = (
				90CC16932723748800999261 /* CandidatesTableViewCell.swift */,
				90CC16942723748800999261 /* CandidatesTableViewCell.xib */,
			);
			path = CandidateCell;
			sourceTree = "<group>";
		};
/* End PBXGroup section */

/* Begin PBXNativeTarget section */
		9070B641271F67A5007B571F /* DesafioPremierSoft */ = {
			isa = PBXNativeTarget;
			buildConfigurationList = 9070B66C271F67A7007B571F /* Build configuration list for PBXNativeTarget "DesafioPremierSoft" */;
			buildPhases = (
				9070B63E271F67A5007B571F /* Sources */,
				9070B63F271F67A5007B571F /* Frameworks */,
				9070B640271F67A5007B571F /* Resources */,
			);
			buildRules = (
			);
			dependencies = (
			);
			name = DesafioPremierSoft;
			productName = DesafioPremierSoft;
			productReference = 9070B642271F67A5007B571F /* DesafioPremierSoft.app */;
			productType = "com.apple.product-type.application";
		};
		9070B657271F67A7007B571F /* DesafioPremierSoftTests */ = {
			isa = PBXNativeTarget;
			buildConfigurationList = 9070B66F271F67A7007B571F /* Build configuration list for PBXNativeTarget "DesafioPremierSoftTests" */;
			buildPhases = (
				9070B654271F67A7007B571F /* Sources */,
				9070B655271F67A7007B571F /* Frameworks */,
				9070B656271F67A7007B571F /* Resources */,
			);
			buildRules = (
			);
			dependencies = (
				9070B65A271F67A7007B571F /* PBXTargetDependency */,
			);
			name = DesafioPremierSoftTests;
			productName = DesafioPremierSoftTests;
			productReference = 9070B658271F67A7007B571F /* DesafioPremierSoftTests.xctest */;
			productType = "com.apple.product-type.bundle.unit-test";
		};
		9070B661271F67A7007B571F /* DesafioPremierSoftUITests */ = {
			isa = PBXNativeTarget;
			buildConfigurationList = 9070B672271F67A7007B571F /* Build configuration list for PBXNativeTarget "DesafioPremierSoftUITests" */;
			buildPhases = (
				9070B65E271F67A7007B571F /* Sources */,
				9070B65F271F67A7007B571F /* Frameworks */,
				9070B660271F67A7007B571F /* Resources */,
			);
			buildRules = (
			);
			dependencies = (
				9070B664271F67A7007B571F /* PBXTargetDependency */,
			);
			name = DesafioPremierSoftUITests;
			productName = DesafioPremierSoftUITests;
			productReference = 9070B662271F67A7007B571F /* DesafioPremierSoftUITests.xctest */;
			productType = "com.apple.product-type.bundle.ui-testing";
		};
/* End PBXNativeTarget section */

/* Begin PBXProject section */
		9070B63A271F67A4007B571F /* Project object */ = {
			isa = PBXProject;
			attributes = {
				BuildIndependentTargetsInParallel = 1;
				LastSwiftUpdateCheck = 1300;
				LastUpgradeCheck = 1300;
				TargetAttributes = {
					9070B641271F67A5007B571F = {
						CreatedOnToolsVersion = 13.0;
					};
					9070B657271F67A7007B571F = {
						CreatedOnToolsVersion = 13.0;
						TestTargetID = 9070B641271F67A5007B571F;
					};
					9070B661271F67A7007B571F = {
						CreatedOnToolsVersion = 13.0;
						TestTargetID = 9070B641271F67A5007B571F;
					};
				};
			};
			buildConfigurationList = 9070B63D271F67A4007B571F /* Build configuration list for PBXProject "DesafioPremierSoft" */;
			compatibilityVersion = "Xcode 13.0";
			developmentRegion = en;
			hasScannedForEncodings = 0;
			knownRegions = (
				en,
				Base,
			);
			mainGroup = 9070B639271F67A4007B571F;
			productRefGroup = 9070B643271F67A5007B571F /* Products */;
			projectDirPath = "";
			projectRoot = "";
			targets = (
				9070B641271F67A5007B571F /* DesafioPremierSoft */,
				9070B657271F67A7007B571F /* DesafioPremierSoftTests */,
				9070B661271F67A7007B571F /* DesafioPremierSoftUITests */,
			);
		};
/* End PBXProject section */

/* Begin PBXResourcesBuildPhase section */
		9070B640271F67A5007B571F /* Resources */ = {
			isa = PBXResourcesBuildPhase;
			buildActionMask = 2147483647;
			files = (
				9070B652271F67A6007B571F /* LaunchScreen.storyboard in Resources */,
				90CC16962723748800999261 /* CandidatesTableViewCell.xib in Resources */,
				9070B67B271F6A7E007B571F /* ViewController.xib in Resources */,
				9070B64F271F67A6007B571F /* Assets.xcassets in Resources */,
				90CC16912723745C00999261 /* ListTableViewController.xib in Resources */,
			);
			runOnlyForDeploymentPostprocessing = 0;
		};
		9070B656271F67A7007B571F /* Resources */ = {
			isa = PBXResourcesBuildPhase;
			buildActionMask = 2147483647;
			files = (
			);
			runOnlyForDeploymentPostprocessing = 0;
		};
		9070B660271F67A7007B571F /* Resources */ = {
			isa = PBXResourcesBuildPhase;
			buildActionMask = 2147483647;
			files = (
			);
			runOnlyForDeploymentPostprocessing = 0;
		};
/* End PBXResourcesBuildPhase section */

/* Begin PBXSourcesBuildPhase section */
		9070B63E271F67A5007B571F /* Sources */ = {
			isa = PBXSourcesBuildPhase;
			buildActionMask = 2147483647;
			files = (
				9070B67A271F6A7E007B571F /* ViewController.swift in Sources */,
				9070B67D271F6FE3007B571F /* ViewModel.swift in Sources */,
				9070B646271F67A5007B571F /* AppDelegate.swift in Sources */,
				90CC16952723748800999261 /* CandidatesTableViewCell.swift in Sources */,
				9070B67F271F6FF0007B571F /* Model.swift in Sources */,
				90CC16902723745C00999261 /* ListTableViewController.swift in Sources */,
			);
			runOnlyForDeploymentPostprocessing = 0;
		};
		9070B654271F67A7007B571F /* Sources */ = {
			isa = PBXSourcesBuildPhase;
			buildActionMask = 2147483647;
			files = (
			);
			runOnlyForDeploymentPostprocessing = 0;
		};
		9070B65E271F67A7007B571F /* Sources */ = {
			isa = PBXSourcesBuildPhase;
			buildActionMask = 2147483647;
			files = (
			);
			runOnlyForDeploymentPostprocessing = 0;
		};
/* End PBXSourcesBuildPhase section */

/* Begin PBXTargetDependency section */
		9070B65A271F67A7007B571F /* PBXTargetDependency */ = {
			isa = PBXTargetDependency;
			target = 9070B641271F67A5007B571F /* DesafioPremierSoft */;
			targetProxy = 9070B659271F67A7007B571F /* PBXContainerItemProxy */;
		};
		9070B664271F67A7007B571F /* PBXTargetDependency */ = {
			isa = PBXTargetDependency;
			target = 9070B641271F67A5007B571F /* DesafioPremierSoft */;
			targetProxy = 9070B663271F67A7007B571F /* PBXContainerItemProxy */;
		};
/* End PBXTargetDependency section */

/* Begin PBXVariantGroup section */
		9070B650271F67A6007B571F /* LaunchScreen.storyboard */ = {
			isa = PBXVariantGroup;
			children = (
				9070B651271F67A6007B571F /* Base */,
			);
			name = LaunchScreen.storyboard;
			sourceTree = "<group>";
		};
/* End PBXVariantGroup section */

/* Begin XCBuildConfiguration section */
		9070B66A271F67A7007B571F /* Debug */ = {
			isa = XCBuildConfiguration;
			buildSettings = {
				ALWAYS_SEARCH_USER_PATHS = NO;
				CLANG_ANALYZER_NONNULL = YES;
				CLANG_ANALYZER_NUMBER_OBJECT_CONVERSION = YES_AGGRESSIVE;
				CLANG_CXX_LANGUAGE_STANDARD = "gnu++17";
				CLANG_CXX_LIBRARY = "libc++";
				CLANG_ENABLE_MODULES = YES;
				CLANG_ENABLE_OBJC_ARC = YES;
				CLANG_ENABLE_OBJC_WEAK = YES;
				CLANG_WARN_BLOCK_CAPTURE_AUTORELEASING = YES;
				CLANG_WARN_BOOL_CONVERSION = YES;
				CLANG_WARN_COMMA = YES;
				CLANG_WARN_CONSTANT_CONVERSION = YES;
				CLANG_WARN_DEPRECATED_OBJC_IMPLEMENTATIONS = YES;
				CLANG_WARN_DIRECT_OBJC_ISA_USAGE = YES_ERROR;
				CLANG_WARN_DOCUMENTATION_COMMENTS = YES;
				CLANG_WARN_EMPTY_BODY = YES;
				CLANG_WARN_ENUM_CONVERSION = YES;
				CLANG_WARN_INFINITE_RECURSION = YES;
				CLANG_WARN_INT_CONVERSION = YES;
				CLANG_WARN_NON_LITERAL_NULL_CONVERSION = YES;
				CLANG_WARN_OBJC_IMPLICIT_RETAIN_SELF = YES;
				CLANG_WARN_OBJC_LITERAL_CONVERSION = YES;
				CLANG_WARN_OBJC_ROOT_CLASS = YES_ERROR;
				CLANG_WARN_QUOTED_INCLUDE_IN_FRAMEWORK_HEADER = YES;
				CLANG_WARN_RANGE_LOOP_ANALYSIS = YES;
				CLANG_WARN_STRICT_PROTOTYPES = YES;
				CLANG_WARN_SUSPICIOUS_MOVE = YES;
				CLANG_WARN_UNGUARDED_AVAILABILITY = YES_AGGRESSIVE;
				CLANG_WARN_UNREACHABLE_CODE = YES;
				CLANG_WARN__DUPLICATE_METHOD_MATCH = YES;
				COPY_PHASE_STRIP = NO;
				DEBUG_INFORMATION_FORMAT = dwarf;
				ENABLE_STRICT_OBJC_MSGSEND = YES;
				ENABLE_TESTABILITY = YES;
				GCC_C_LANGUAGE_STANDARD = gnu11;
				GCC_DYNAMIC_NO_PIC = NO;
				GCC_NO_COMMON_BLOCKS = YES;
				GCC_OPTIMIZATION_LEVEL = 0;
				GCC_PREPROCESSOR_DEFINITIONS = (
					"DEBUG=1",
					"$(inherited)",
				);
				GCC_WARN_64_TO_32_BIT_CONVERSION = YES;
				GCC_WARN_ABOUT_RETURN_TYPE = YES_ERROR;
				GCC_WARN_UNDECLARED_SELECTOR = YES;
				GCC_WARN_UNINITIALIZED_AUTOS = YES_AGGRESSIVE;
				GCC_WARN_UNUSED_FUNCTION = YES;
				GCC_WARN_UNUSED_VARIABLE = YES;
				IPHONEOS_DEPLOYMENT_TARGET = 15.0;
				MTL_ENABLE_DEBUG_INFO = INCLUDE_SOURCE;
				MTL_FAST_MATH = YES;
				ONLY_ACTIVE_ARCH = YES;
				SDKROOT = iphoneos;
				SWIFT_ACTIVE_COMPILATION_CONDITIONS = DEBUG;
				SWIFT_OPTIMIZATION_LEVEL = "-Onone";
			};
			name = Debug;
		};
		9070B66B271F67A7007B571F /* Release */ = {
			isa = XCBuildConfiguration;
			buildSettings = {
				ALWAYS_SEARCH_USER_PATHS = NO;
				CLANG_ANALYZER_NONNULL = YES;
				CLANG_ANALYZER_NUMBER_OBJECT_CONVERSION = YES_AGGRESSIVE;
				CLANG_CXX_LANGUAGE_STANDARD = "gnu++17";
				CLANG_CXX_LIBRARY = "libc++";
				CLANG_ENABLE_MODULES = YES;
				CLANG_ENABLE_OBJC_ARC = YES;
				CLANG_ENABLE_OBJC_WEAK = YES;
				CLANG_WARN_BLOCK_CAPTURE_AUTORELEASING = YES;
				CLANG_WARN_BOOL_CONVERSION = YES;
				CLANG_WARN_COMMA = YES;
				CLANG_WARN_CONSTANT_CONVERSION = YES;
				CLANG_WARN_DEPRECATED_OBJC_IMPLEMENTATIONS = YES;
				CLANG_WARN_DIRECT_OBJC_ISA_USAGE = YES_ERROR;
				CLANG_WARN_DOCUMENTATION_COMMENTS = YES;
				CLANG_WARN_EMPTY_BODY = YES;
				CLANG_WARN_ENUM_CONVERSION = YES;
				CLANG_WARN_INFINITE_RECURSION = YES;
				CLANG_WARN_INT_CONVERSION = YES;
				CLANG_WARN_NON_LITERAL_NULL_CONVERSION = YES;
				CLANG_WARN_OBJC_IMPLICIT_RETAIN_SELF = YES;
				CLANG_WARN_OBJC_LITERAL_CONVERSION = YES;
				CLANG_WARN_OBJC_ROOT_CLASS = YES_ERROR;
				CLANG_WARN_QUOTED_INCLUDE_IN_FRAMEWORK_HEADER = YES;
				CLANG_WARN_RANGE_LOOP_ANALYSIS = YES;
				CLANG_WARN_STRICT_PROTOTYPES = YES;
				CLANG_WARN_SUSPICIOUS_MOVE = YES;
				CLANG_WARN_UNGUARDED_AVAILABILITY = YES_AGGRESSIVE;
				CLANG_WARN_UNREACHABLE_CODE = YES;
				CLANG_WARN__DUPLICATE_METHOD_MATCH = YES;
				COPY_PHASE_STRIP = NO;
				DEBUG_INFORMATION_FORMAT = "dwarf-with-dsym";
				ENABLE_NS_ASSERTIONS = NO;
				ENABLE_STRICT_OBJC_MSGSEND = YES;
				GCC_C_LANGUAGE_STANDARD = gnu11;
				GCC_NO_COMMON_BLOCKS = YES;
				GCC_WARN_64_TO_32_BIT_CONVERSION = YES;
				GCC_WARN_ABOUT_RETURN_TYPE = YES_ERROR;
				GCC_WARN_UNDECLARED_SELECTOR = YES;
				GCC_WARN_UNINITIALIZED_AUTOS = YES_AGGRESSIVE;
				GCC_WARN_UNUSED_FUNCTION = YES;
				GCC_WARN_UNUSED_VARIABLE = YES;
				IPHONEOS_DEPLOYMENT_TARGET = 15.0;
				MTL_ENABLE_DEBUG_INFO = NO;
				MTL_FAST_MATH = YES;
				SDKROOT = iphoneos;
				SWIFT_COMPILATION_MODE = wholemodule;
				SWIFT_OPTIMIZATION_LEVEL = "-O";
				VALIDATE_PRODUCT = YES;
			};
			name = Release;
		};
		9070B66D271F67A7007B571F /* Debug */ = {
			isa = XCBuildConfiguration;
			buildSettings = {
				ASSETCATALOG_COMPILER_APPICON_NAME = AppIcon;
				ASSETCATALOG_COMPILER_GLOBAL_ACCENT_COLOR_NAME = AccentColor;
				CODE_SIGN_STYLE = Automatic;
				CURRENT_PROJECT_VERSION = 1;
				DEVELOPMENT_TEAM = UYU42XWBK4;
				GENERATE_INFOPLIST_FILE = YES;
				INFOPLIST_FILE = DesafioPremierSoft/Resources/Info.plist;
				INFOPLIST_KEY_UIApplicationSupportsIndirectInputEvents = YES;
				INFOPLIST_KEY_UILaunchStoryboardName = LaunchScreen;
				INFOPLIST_KEY_UISupportedInterfaceOrientations = UIInterfaceOrientationPortrait;
				INFOPLIST_KEY_UISupportedInterfaceOrientations_iPad = "UIInterfaceOrientationPortrait UIInterfaceOrientationPortraitUpsideDown UIInterfaceOrientationLandscapeLeft UIInterfaceOrientationLandscapeRight";
				INFOPLIST_KEY_UISupportedInterfaceOrientations_iPhone = "UIInterfaceOrientationPortrait UIInterfaceOrientationLandscapeLeft UIInterfaceOrientationLandscapeRight";
				LD_RUNPATH_SEARCH_PATHS = (
					"$(inherited)",
					"@executable_path/Frameworks",
				);
				MARKETING_VERSION = 1.0;
				PRODUCT_BUNDLE_IDENTIFIER = com.aprendendo.DesafioPremierSoft;
				PRODUCT_NAME = "$(TARGET_NAME)";
				SWIFT_EMIT_LOC_STRINGS = YES;
				SWIFT_VERSION = 5.0;
				TARGETED_DEVICE_FAMILY = 1;
			};
			name = Debug;
		};
		9070B66E271F67A7007B571F /* Release */ = {
			isa = XCBuildConfiguration;
			buildSettings = {
				ASSETCATALOG_COMPILER_APPICON_NAME = AppIcon;
				ASSETCATALOG_COMPILER_GLOBAL_ACCENT_COLOR_NAME = AccentColor;
				CODE_SIGN_STYLE = Automatic;
				CURRENT_PROJECT_VERSION = 1;
				DEVELOPMENT_TEAM = UYU42XWBK4;
				GENERATE_INFOPLIST_FILE = YES;
				INFOPLIST_FILE = DesafioPremierSoft/Resources/Info.plist;
				INFOPLIST_KEY_UIApplicationSupportsIndirectInputEvents = YES;
				INFOPLIST_KEY_UILaunchStoryboardName = LaunchScreen;
				INFOPLIST_KEY_UISupportedInterfaceOrientations = UIInterfaceOrientationPortrait;
				INFOPLIST_KEY_UISupportedInterfaceOrientations_iPad = "UIInterfaceOrientationPortrait UIInterfaceOrientationPortraitUpsideDown UIInterfaceOrientationLandscapeLeft UIInterfaceOrientationLandscapeRight";
				INFOPLIST_KEY_UISupportedInterfaceOrientations_iPhone = "UIInterfaceOrientationPortrait UIInterfaceOrientationLandscapeLeft UIInterfaceOrientationLandscapeRight";
				LD_RUNPATH_SEARCH_PATHS = (
					"$(inherited)",
					"@executable_path/Frameworks",
				);
				MARKETING_VERSION = 1.0;
				PRODUCT_BUNDLE_IDENTIFIER = com.aprendendo.DesafioPremierSoft;
				PRODUCT_NAME = "$(TARGET_NAME)";
				SWIFT_EMIT_LOC_STRINGS = YES;
				SWIFT_VERSION = 5.0;
				TARGETED_DEVICE_FAMILY = 1;
			};
			name = Release;
		};
		9070B670271F67A7007B571F /* Debug */ = {
			isa = XCBuildConfiguration;
			buildSettings = {
				ALWAYS_EMBED_SWIFT_STANDARD_LIBRARIES = YES;
				BUNDLE_LOADER = "$(TEST_HOST)";
				CODE_SIGN_STYLE = Automatic;
				CURRENT_PROJECT_VERSION = 1;
				DEVELOPMENT_TEAM = UYU42XWBK4;
				GENERATE_INFOPLIST_FILE = YES;
				IPHONEOS_DEPLOYMENT_TARGET = 15.0;
				LD_RUNPATH_SEARCH_PATHS = (
					"$(inherited)",
					"@executable_path/Frameworks",
					"@loader_path/Frameworks",
				);
				MARKETING_VERSION = 1.0;
				PRODUCT_BUNDLE_IDENTIFIER = com.aprendendo.DesafioPremierSoftTests;
				PRODUCT_NAME = "$(TARGET_NAME)";
				SWIFT_EMIT_LOC_STRINGS = NO;
				SWIFT_VERSION = 5.0;
				TARGETED_DEVICE_FAMILY = "1,2";
				TEST_HOST = "$(BUILT_PRODUCTS_DIR)/DesafioPremierSoft.app/DesafioPremierSoft";
			};
			name = Debug;
		};
		9070B671271F67A7007B571F /* Release */ = {
			isa = XCBuildConfiguration;
			buildSettings = {
				ALWAYS_EMBED_SWIFT_STANDARD_LIBRARIES = YES;
				BUNDLE_LOADER = "$(TEST_HOST)";
				CODE_SIGN_STYLE = Automatic;
				CURRENT_PROJECT_VERSION = 1;
				DEVELOPMENT_TEAM = UYU42XWBK4;
				GENERATE_INFOPLIST_FILE = YES;
				IPHONEOS_DEPLOYMENT_TARGET = 15.0;
				LD_RUNPATH_SEARCH_PATHS = (
					"$(inherited)",
					"@executable_path/Frameworks",
					"@loader_path/Frameworks",
				);
				MARKETING_VERSION = 1.0;
				PRODUCT_BUNDLE_IDENTIFIER = com.aprendendo.DesafioPremierSoftTests;
				PRODUCT_NAME = "$(TARGET_NAME)";
				SWIFT_EMIT_LOC_STRINGS = NO;
				SWIFT_VERSION = 5.0;
				TARGETED_DEVICE_FAMILY = "1,2";
				TEST_HOST = "$(BUILT_PRODUCTS_DIR)/DesafioPremierSoft.app/DesafioPremierSoft";
			};
			name = Release;
		};
		9070B673271F67A7007B571F /* Debug */ = {
			isa = XCBuildConfiguration;
			buildSettings = {
				ALWAYS_EMBED_SWIFT_STANDARD_LIBRARIES = YES;
				CODE_SIGN_STYLE = Automatic;
				CURRENT_PROJECT_VERSION = 1;
				DEVELOPMENT_TEAM = UYU42XWBK4;
				GENERATE_INFOPLIST_FILE = YES;
				LD_RUNPATH_SEARCH_PATHS = (
					"$(inherited)",
					"@executable_path/Frameworks",
					"@loader_path/Frameworks",
				);
				MARKETING_VERSION = 1.0;
				PRODUCT_BUNDLE_IDENTIFIER = com.aprendendo.DesafioPremierSoftUITests;
				PRODUCT_NAME = "$(TARGET_NAME)";
				SWIFT_EMIT_LOC_STRINGS = NO;
				SWIFT_VERSION = 5.0;
				TARGETED_DEVICE_FAMILY = "1,2";
				TEST_TARGET_NAME = DesafioPremierSoft;
			};
			name = Debug;
		};
		9070B674271F67A7007B571F /* Release */ = {
			isa = XCBuildConfiguration;
			buildSettings = {
				ALWAYS_EMBED_SWIFT_STANDARD_LIBRARIES = YES;
				CODE_SIGN_STYLE = Automatic;
				CURRENT_PROJECT_VERSION = 1;
				DEVELOPMENT_TEAM = UYU42XWBK4;
				GENERATE_INFOPLIST_FILE = YES;
				LD_RUNPATH_SEARCH_PATHS = (
					"$(inherited)",
					"@executable_path/Frameworks",
					"@loader_path/Frameworks",
				);
				MARKETING_VERSION = 1.0;
				PRODUCT_BUNDLE_IDENTIFIER = com.aprendendo.DesafioPremierSoftUITests;
				PRODUCT_NAME = "$(TARGET_NAME)";
				SWIFT_EMIT_LOC_STRINGS = NO;
				SWIFT_VERSION = 5.0;
				TARGETED_DEVICE_FAMILY = "1,2";
				TEST_TARGET_NAME = DesafioPremierSoft;
			};
			name = Release;
		};
/* End XCBuildConfiguration section */

/* Begin XCConfigurationList section */
		9070B63D271F67A4007B571F /* Build configuration list for PBXProject "DesafioPremierSoft" */ = {
			isa = XCConfigurationList;
			buildConfigurations = (
				9070B66A271F67A7007B571F /* Debug */,
				9070B66B271F67A7007B571F /* Release */,
			);
			defaultConfigurationIsVisible = 0;
			defaultConfigurationName = Release;
		};
		9070B66C271F67A7007B571F /* Build configuration list for PBXNativeTarget "DesafioPremierSoft" */ = {
			isa = XCConfigurationList;
			buildConfigurations = (
				9070B66D271F67A7007B571F /* Debug */,
				9070B66E271F67A7007B571F /* Release */,
			);
			defaultConfigurationIsVisible = 0;
			defaultConfigurationName = Release;
		};
		9070B66F271F67A7007B571F /* Build configuration list for PBXNativeTarget "DesafioPremierSoftTests" */ = {
			isa = XCConfigurationList;
			buildConfigurations = (
				9070B670271F67A7007B571F /* Debug */,
				9070B671271F67A7007B571F /* Release */,
			);
			defaultConfigurationIsVisible = 0;
			defaultConfigurationName = Release;
		};
		9070B672271F67A7007B571F /* Build configuration list for PBXNativeTarget "DesafioPremierSoftUITests" */ = {
			isa = XCConfigurationList;
			buildConfigurations = (
				9070B673271F67A7007B571F /* Debug */,
				9070B674271F67A7007B571F /* Release */,
			);
			defaultConfigurationIsVisible = 0;
			defaultConfigurationName = Release;
		};
/* End XCConfigurationList section */
	};
	rootObject = 9070B63A271F67A4007B571F /* Project object */;
}
